<?xml version="1.0" encoding="utf-8"?>
<Project ToolsVersion="4.0" xmlns="http://schemas.microsoft.com/developer/msbuild/2003">
  <ItemGroup>
    <Filter Include="Source Files">
      <UniqueIdentifier>{4FC737F1-C7A5-4376-A066-2A32D752A2FF}</UniqueIdentifier>
      <Extensions>cpp;c;cc;cxx;def;odl;idl;hpj;bat;asm;asmx</Extensions>
    </Filter>
    <Filter Include="Header Files">
      <UniqueIdentifier>{93995380-89BD-4b04-88EB-625FBE52EBFB}</UniqueIdentifier>
      <Extensions>h;hh;hpp;hxx;hm;inl;inc;xsd</Extensions>
    </Filter>
    <Filter Include="Resource Files">
      <UniqueIdentifier>{67DA6AB6-F800-4c08-8B7A-83BB121AAD01}</UniqueIdentifier>
      <Extensions>rc;ico;cur;bmp;dlg;rc2;rct;bin;rgs;gif;jpg;jpeg;jpe;resx;tiff;tif;png;wav</Extensions>
    </Filter>
  </ItemGroup>
  <ItemGroup>
    <ClCompile Include="src\addrdb.cpp">
      <Filter>Source Files</Filter>
    </ClCompile>
    <ClCompile Include="src\addrman.cpp">
      <Filter>Source Files</Filter>
    </ClCompile>
    <ClCompile Include="src\arith_uint256.cpp">
      <Filter>Source Files</Filter>
    </ClCompile>
    <ClCompile Include="src\base58.cpp">
      <Filter>Source Files</Filter>
    </ClCompile>
    <ClCompile Include="src\bech32.cpp">
      <Filter>Source Files</Filter>
    </ClCompile>
    <ClCompile Include="src\blockencodings.cpp">
      <Filter>Source Files</Filter>
    </ClCompile>
    <ClCompile Include="src\bloom.cpp">
      <Filter>Source Files</Filter>
    </ClCompile>
    <ClCompile Include="src\chain.cpp">
      <Filter>Source Files</Filter>
    </ClCompile>
    <ClCompile Include="src\chainparams.cpp">
      <Filter>Source Files</Filter>
    </ClCompile>
    <ClCompile Include="src\chainparamsbase.cpp">
      <Filter>Source Files</Filter>
    </ClCompile>
    <ClCompile Include="src\checkpoints.cpp">
      <Filter>Source Files</Filter>
    </ClCompile>
    <ClCompile Include="src\clientversion.cpp">
      <Filter>Source Files</Filter>
    </ClCompile>
    <ClCompile Include="src\coins.cpp">
      <Filter>Source Files</Filter>
    </ClCompile>
    <ClCompile Include="src\compressor.cpp">
      <Filter>Source Files</Filter>
    </ClCompile>
    <ClCompile Include="src\core_read.cpp">
      <Filter>Source Files</Filter>
    </ClCompile>
    <ClCompile Include="src\core_write.cpp">
      <Filter>Source Files</Filter>
    </ClCompile>
    <ClCompile Include="src\dbwrapper.cpp">
      <Filter>Source Files</Filter>
    </ClCompile>
    <ClCompile Include="src\fs.cpp">
      <Filter>Source Files</Filter>
    </ClCompile>
    <ClCompile Include="src\hash.cpp">
      <Filter>Source Files</Filter>
    </ClCompile>
    <ClCompile Include="src\httprpc.cpp">
      <Filter>Source Files</Filter>
    </ClCompile>
    <ClCompile Include="src\httpserver.cpp">
      <Filter>Source Files</Filter>
    </ClCompile>
    <ClCompile Include="src\init.cpp">
      <Filter>Source Files</Filter>
    </ClCompile>
    <ClCompile Include="src\key.cpp">
      <Filter>Source Files</Filter>
    </ClCompile>
    <ClCompile Include="src\keystore.cpp">
      <Filter>Source Files</Filter>
    </ClCompile>
    <ClCompile Include="src\merkleblock.cpp">
      <Filter>Source Files</Filter>
    </ClCompile>
    <ClCompile Include="src\miner.cpp">
      <Filter>Source Files</Filter>
    </ClCompile>
    <ClCompile Include="src\net.cpp">
      <Filter>Source Files</Filter>
    </ClCompile>
    <ClCompile Include="src\netaddress.cpp">
      <Filter>Source Files</Filter>
    </ClCompile>
    <ClCompile Include="src\netbase.cpp">
      <Filter>Source Files</Filter>
    </ClCompile>
    <ClCompile Include="src\net_processing.cpp">
      <Filter>Source Files</Filter>
    </ClCompile>
    <ClCompile Include="src\noui.cpp">
      <Filter>Source Files</Filter>
    </ClCompile>
    <ClCompile Include="src\pow.cpp">
      <Filter>Source Files</Filter>
    </ClCompile>
    <ClCompile Include="src\protocol.cpp">
      <Filter>Source Files</Filter>
    </ClCompile>
    <ClCompile Include="src\pubkey.cpp">
      <Filter>Source Files</Filter>
    </ClCompile>
    <ClCompile Include="src\random.cpp">
      <Filter>Source Files</Filter>
    </ClCompile>
    <ClCompile Include="src\rest.cpp">
      <Filter>Source Files</Filter>
    </ClCompile>
    <ClCompile Include="src\scheduler.cpp">
      <Filter>Source Files</Filter>
    </ClCompile>
    <ClCompile Include="src\sync.cpp">
      <Filter>Source Files</Filter>
    </ClCompile>
    <ClCompile Include="src\threadinterrupt.cpp">
      <Filter>Source Files</Filter>
    </ClCompile>
    <ClCompile Include="src\timedata.cpp">
      <Filter>Source Files</Filter>
    </ClCompile>
    <ClCompile Include="src\torcontrol.cpp">
      <Filter>Source Files</Filter>
    </ClCompile>
    <ClCompile Include="src\txdb.cpp">
      <Filter>Source Files</Filter>
    </ClCompile>
    <ClCompile Include="src\txmempool.cpp">
      <Filter>Source Files</Filter>
    </ClCompile>
    <ClCompile Include="src\uint256.cpp">
      <Filter>Source Files</Filter>
    </ClCompile>
    <ClCompile Include="src\ui_interface.cpp">
      <Filter>Source Files</Filter>
    </ClCompile>
    <ClCompile Include="src\umkoin-cli.cpp">
      <Filter>Source Files</Filter>
    </ClCompile>
    <ClCompile Include="src\umkoin-tx.cpp">
      <Filter>Source Files</Filter>
    </ClCompile>
    <ClCompile Include="src\umkoind.cpp">
      <Filter>Source Files</Filter>
    </ClCompile>
    <ClCompile Include="src\util.cpp">
      <Filter>Source Files</Filter>
    </ClCompile>
    <ClCompile Include="src\utilmoneystr.cpp">
      <Filter>Source Files</Filter>
    </ClCompile>
    <ClCompile Include="src\utilstrencodings.cpp">
      <Filter>Source Files</Filter>
    </ClCompile>
    <ClCompile Include="src\utiltime.cpp">
      <Filter>Source Files</Filter>
    </ClCompile>
    <ClCompile Include="src\validation.cpp">
      <Filter>Source Files</Filter>
    </ClCompile>
    <ClCompile Include="src\validationinterface.cpp">
      <Filter>Source Files</Filter>
    </ClCompile>
    <ClCompile Include="src\versionbits.cpp">
      <Filter>Source Files</Filter>
    </ClCompile>
    <ClCompile Include="src\warnings.cpp">
      <Filter>Source Files</Filter>
    </ClCompile>
    <ClCompile Include="src\bench\base58.cpp">
      <Filter>Source Files</Filter>
    </ClCompile>
    <ClCompile Include="src\bench\bench.cpp">
      <Filter>Source Files</Filter>
    </ClCompile>
    <ClCompile Include="src\bench\bench_umkoin.cpp">
      <Filter>Source Files</Filter>
    </ClCompile>
    <ClCompile Include="src\bench\ccoins_caching.cpp">
      <Filter>Source Files</Filter>
    </ClCompile>
    <ClCompile Include="src\bench\checkblock.cpp">
      <Filter>Source Files</Filter>
    </ClCompile>
    <ClCompile Include="src\bench\checkqueue.cpp">
      <Filter>Source Files</Filter>
    </ClCompile>
    <ClCompile Include="src\bench\coin_selection.cpp">
      <Filter>Source Files</Filter>
    </ClCompile>
    <ClCompile Include="src\bench\crypto_hash.cpp">
      <Filter>Source Files</Filter>
    </ClCompile>
    <ClCompile Include="src\bench\Examples.cpp">
      <Filter>Source Files</Filter>
    </ClCompile>
    <ClCompile Include="src\bench\lockedpool.cpp">
      <Filter>Source Files</Filter>
    </ClCompile>
    <ClCompile Include="src\bench\mempool_eviction.cpp">
      <Filter>Source Files</Filter>
    </ClCompile>
    <ClCompile Include="src\bench\perf.cpp">
      <Filter>Source Files</Filter>
    </ClCompile>
    <ClCompile Include="src\bench\prevector_destructor.cpp">
      <Filter>Source Files</Filter>
    </ClCompile>
    <ClCompile Include="src\bench\rollingbloom.cpp">
      <Filter>Source Files</Filter>
    </ClCompile>
    <ClCompile Include="src\bench\verify_script.cpp">
      <Filter>Source Files</Filter>
    </ClCompile>
    <ClCompile Include="src\compat\glibcxx_sanity.cpp">
      <Filter>Source Files</Filter>
    </ClCompile>
    <ClCompile Include="src\compat\glibc_compat.cpp">
      <Filter>Source Files</Filter>
    </ClCompile>
    <ClCompile Include="src\compat\glibc_sanity.cpp">
      <Filter>Source Files</Filter>
    </ClCompile>
    <ClCompile Include="src\compat\strnlen.cpp">
      <Filter>Source Files</Filter>
    </ClCompile>
    <ClCompile Include="src\consensus\merkle.cpp">
      <Filter>Source Files</Filter>
    </ClCompile>
    <ClCompile Include="src\consensus\tx_verify.cpp">
      <Filter>Source Files</Filter>
    </ClCompile>
    <ClCompile Include="src\crypto\aes.cpp">
      <Filter>Source Files</Filter>
    </ClCompile>
    <ClCompile Include="src\crypto\chacha20.cpp">
      <Filter>Source Files</Filter>
    </ClCompile>
    <ClCompile Include="src\crypto\hmac_sha256.cpp">
      <Filter>Source Files</Filter>
    </ClCompile>
    <ClCompile Include="src\crypto\hmac_sha512.cpp">
      <Filter>Source Files</Filter>
    </ClCompile>
    <ClCompile Include="src\crypto\ripemd160.cpp">
      <Filter>Source Files</Filter>
    </ClCompile>
    <ClCompile Include="src\crypto\sha1.cpp">
      <Filter>Source Files</Filter>
    </ClCompile>
    <ClCompile Include="src\crypto\sha256.cpp">
      <Filter>Source Files</Filter>
    </ClCompile>
    <ClCompile Include="src\crypto\sha256_sse4.cpp">
      <Filter>Source Files</Filter>
    </ClCompile>
    <ClCompile Include="src\crypto\sha512.cpp">
      <Filter>Source Files</Filter>
    </ClCompile>
    <ClCompile Include="src\crypto\ctaes\bench.c">
      <Filter>Source Files</Filter>
    </ClCompile>
    <ClCompile Include="src\crypto\ctaes\ctaes.c">
      <Filter>Source Files</Filter>
    </ClCompile>
    <ClCompile Include="src\crypto\ctaes\test.c">
      <Filter>Source Files</Filter>
    </ClCompile>
    <ClCompile Include="src\leveldb\db\autocompact_test.cc">
      <Filter>Source Files</Filter>
    </ClCompile>
    <ClCompile Include="src\leveldb\db\builder.cc">
      <Filter>Source Files</Filter>
    </ClCompile>
    <ClCompile Include="src\leveldb\db\c.cc">
      <Filter>Source Files</Filter>
    </ClCompile>
    <ClCompile Include="src\leveldb\db\corruption_test.cc">
      <Filter>Source Files</Filter>
    </ClCompile>
    <ClCompile Include="src\leveldb\db\dbformat.cc">
      <Filter>Source Files</Filter>
    </ClCompile>
    <ClCompile Include="src\leveldb\db\dbformat_test.cc">
      <Filter>Source Files</Filter>
    </ClCompile>
    <ClCompile Include="src\leveldb\db\db_bench.cc">
      <Filter>Source Files</Filter>
    </ClCompile>
    <ClCompile Include="src\leveldb\db\db_impl.cc">
      <Filter>Source Files</Filter>
    </ClCompile>
    <ClCompile Include="src\leveldb\db\db_iter.cc">
      <Filter>Source Files</Filter>
    </ClCompile>
    <ClCompile Include="src\leveldb\db\db_test.cc">
      <Filter>Source Files</Filter>
    </ClCompile>
    <ClCompile Include="src\leveldb\db\dumpfile.cc">
      <Filter>Source Files</Filter>
    </ClCompile>
    <ClCompile Include="src\leveldb\db\fault_injection_test.cc">
      <Filter>Source Files</Filter>
    </ClCompile>
    <ClCompile Include="src\leveldb\db\filename.cc">
      <Filter>Source Files</Filter>
    </ClCompile>
    <ClCompile Include="src\leveldb\db\filename_test.cc">
      <Filter>Source Files</Filter>
    </ClCompile>
    <ClCompile Include="src\leveldb\db\leveldbutil.cc">
      <Filter>Source Files</Filter>
    </ClCompile>
    <ClCompile Include="src\leveldb\db\log_reader.cc">
      <Filter>Source Files</Filter>
    </ClCompile>
    <ClCompile Include="src\leveldb\db\log_test.cc">
      <Filter>Source Files</Filter>
    </ClCompile>
    <ClCompile Include="src\leveldb\db\log_writer.cc">
      <Filter>Source Files</Filter>
    </ClCompile>
    <ClCompile Include="src\leveldb\db\memtable.cc">
      <Filter>Source Files</Filter>
    </ClCompile>
    <ClCompile Include="src\leveldb\db\recovery_test.cc">
      <Filter>Source Files</Filter>
    </ClCompile>
    <ClCompile Include="src\leveldb\db\repair.cc">
      <Filter>Source Files</Filter>
    </ClCompile>
    <ClCompile Include="src\leveldb\db\skiplist_test.cc">
      <Filter>Source Files</Filter>
    </ClCompile>
    <ClCompile Include="src\leveldb\db\table_cache.cc">
      <Filter>Source Files</Filter>
    </ClCompile>
    <ClCompile Include="src\leveldb\db\version_edit.cc">
      <Filter>Source Files</Filter>
    </ClCompile>
    <ClCompile Include="src\leveldb\db\version_edit_test.cc">
      <Filter>Source Files</Filter>
    </ClCompile>
    <ClCompile Include="src\leveldb\db\version_set.cc">
      <Filter>Source Files</Filter>
    </ClCompile>
    <ClCompile Include="src\leveldb\db\version_set_test.cc">
      <Filter>Source Files</Filter>
    </ClCompile>
    <ClCompile Include="src\leveldb\db\write_batch.cc">
      <Filter>Source Files</Filter>
    </ClCompile>
    <ClCompile Include="src\leveldb\db\write_batch_test.cc">
      <Filter>Source Files</Filter>
    </ClCompile>
    <ClCompile Include="src\leveldb\db\c_test.c">
      <Filter>Source Files</Filter>
    </ClCompile>
    <ClCompile Include="src\leveldb\doc\bench\db_bench_sqlite3.cc">
      <Filter>Source Files</Filter>
    </ClCompile>
    <ClCompile Include="src\leveldb\doc\bench\db_bench_tree_db.cc">
      <Filter>Source Files</Filter>
    </ClCompile>
    <ClCompile Include="src\leveldb\helpers\memenv\memenv.cc">
      <Filter>Source Files</Filter>
    </ClCompile>
    <ClCompile Include="src\leveldb\helpers\memenv\memenv_test.cc">
      <Filter>Source Files</Filter>
    </ClCompile>
    <ClCompile Include="src\leveldb\issues\issue178_test.cc">
      <Filter>Source Files</Filter>
    </ClCompile>
    <ClCompile Include="src\leveldb\issues\issue200_test.cc">
      <Filter>Source Files</Filter>
    </ClCompile>
    <ClCompile Include="src\leveldb\port\port_posix.cc">
      <Filter>Source Files</Filter>
    </ClCompile>
    <ClCompile Include="src\leveldb\port\port_posix_sse.cc">
      <Filter>Source Files</Filter>
    </ClCompile>
    <ClCompile Include="src\leveldb\port\port_win.cc">
      <Filter>Source Files</Filter>
    </ClCompile>
    <ClCompile Include="src\leveldb\table\block.cc">
      <Filter>Source Files</Filter>
    </ClCompile>
    <ClCompile Include="src\leveldb\table\block_builder.cc">
      <Filter>Source Files</Filter>
    </ClCompile>
    <ClCompile Include="src\leveldb\table\filter_block.cc">
      <Filter>Source Files</Filter>
    </ClCompile>
    <ClCompile Include="src\leveldb\table\filter_block_test.cc">
      <Filter>Source Files</Filter>
    </ClCompile>
    <ClCompile Include="src\leveldb\table\format.cc">
      <Filter>Source Files</Filter>
    </ClCompile>
    <ClCompile Include="src\leveldb\table\iterator.cc">
      <Filter>Source Files</Filter>
    </ClCompile>
    <ClCompile Include="src\leveldb\table\merger.cc">
      <Filter>Source Files</Filter>
    </ClCompile>
    <ClCompile Include="src\leveldb\table\table.cc">
      <Filter>Source Files</Filter>
    </ClCompile>
    <ClCompile Include="src\leveldb\table\table_builder.cc">
      <Filter>Source Files</Filter>
    </ClCompile>
    <ClCompile Include="src\leveldb\table\table_test.cc">
      <Filter>Source Files</Filter>
    </ClCompile>
    <ClCompile Include="src\leveldb\table\two_level_iterator.cc">
      <Filter>Source Files</Filter>
    </ClCompile>
    <ClCompile Include="src\leveldb\util\arena.cc">
      <Filter>Source Files</Filter>
    </ClCompile>
    <ClCompile Include="src\leveldb\util\arena_test.cc">
      <Filter>Source Files</Filter>
    </ClCompile>
    <ClCompile Include="src\leveldb\util\bloom.cc">
      <Filter>Source Files</Filter>
    </ClCompile>
    <ClCompile Include="src\leveldb\util\bloom_test.cc">
      <Filter>Source Files</Filter>
    </ClCompile>
    <ClCompile Include="src\leveldb\util\cache.cc">
      <Filter>Source Files</Filter>
    </ClCompile>
    <ClCompile Include="src\leveldb\util\cache_test.cc">
      <Filter>Source Files</Filter>
    </ClCompile>
    <ClCompile Include="src\leveldb\util\coding.cc">
      <Filter>Source Files</Filter>
    </ClCompile>
    <ClCompile Include="src\leveldb\util\coding_test.cc">
      <Filter>Source Files</Filter>
    </ClCompile>
    <ClCompile Include="src\leveldb\util\comparator.cc">
      <Filter>Source Files</Filter>
    </ClCompile>
    <ClCompile Include="src\leveldb\util\crc32c.cc">
      <Filter>Source Files</Filter>
    </ClCompile>
    <ClCompile Include="src\leveldb\util\crc32c_test.cc">
      <Filter>Source Files</Filter>
    </ClCompile>
    <ClCompile Include="src\leveldb\util\env.cc">
      <Filter>Source Files</Filter>
    </ClCompile>
    <ClCompile Include="src\leveldb\util\env_posix.cc">
      <Filter>Source Files</Filter>
    </ClCompile>
    <ClCompile Include="src\leveldb\util\env_posix_test.cc">
      <Filter>Source Files</Filter>
    </ClCompile>
    <ClCompile Include="src\leveldb\util\env_test.cc">
      <Filter>Source Files</Filter>
    </ClCompile>
    <ClCompile Include="src\leveldb\util\env_win.cc">
      <Filter>Source Files</Filter>
    </ClCompile>
    <ClCompile Include="src\leveldb\util\filter_policy.cc">
      <Filter>Source Files</Filter>
    </ClCompile>
    <ClCompile Include="src\leveldb\util\hash.cc">
      <Filter>Source Files</Filter>
    </ClCompile>
    <ClCompile Include="src\leveldb\util\hash_test.cc">
      <Filter>Source Files</Filter>
    </ClCompile>
    <ClCompile Include="src\leveldb\util\histogram.cc">
      <Filter>Source Files</Filter>
    </ClCompile>
    <ClCompile Include="src\leveldb\util\logging.cc">
      <Filter>Source Files</Filter>
    </ClCompile>
    <ClCompile Include="src\leveldb\util\options.cc">
      <Filter>Source Files</Filter>
    </ClCompile>
    <ClCompile Include="src\leveldb\util\status.cc">
      <Filter>Source Files</Filter>
    </ClCompile>
    <ClCompile Include="src\leveldb\util\testharness.cc">
      <Filter>Source Files</Filter>
    </ClCompile>
    <ClCompile Include="src\leveldb\util\testutil.cc">
      <Filter>Source Files</Filter>
    </ClCompile>
    <ClCompile Include="src\policy\feerate.cpp">
      <Filter>Source Files</Filter>
    </ClCompile>
    <ClCompile Include="src\policy\fees.cpp">
      <Filter>Source Files</Filter>
    </ClCompile>
    <ClCompile Include="src\policy\policy.cpp">
      <Filter>Source Files</Filter>
    </ClCompile>
    <ClCompile Include="src\policy\rbf.cpp">
      <Filter>Source Files</Filter>
    </ClCompile>
    <ClCompile Include="src\primitives\block.cpp">
      <Filter>Source Files</Filter>
    </ClCompile>
    <ClCompile Include="src\primitives\transaction.cpp">
      <Filter>Source Files</Filter>
    </ClCompile>
    <ClCompile Include="src\qt\addressbookpage.cpp">
      <Filter>Source Files</Filter>
    </ClCompile>
    <ClCompile Include="src\qt\addresstablemodel.cpp">
      <Filter>Source Files</Filter>
    </ClCompile>
    <ClCompile Include="src\qt\askpassphrasedialog.cpp">
      <Filter>Source Files</Filter>
    </ClCompile>
    <ClCompile Include="src\qt\bantablemodel.cpp">
      <Filter>Source Files</Filter>
    </ClCompile>
    <ClCompile Include="src\qt\clientmodel.cpp">
      <Filter>Source Files</Filter>
    </ClCompile>
    <ClCompile Include="src\qt\coincontroldialog.cpp">
      <Filter>Source Files</Filter>
    </ClCompile>
    <ClCompile Include="src\qt\coincontroltreewidget.cpp">
      <Filter>Source Files</Filter>
    </ClCompile>
    <ClCompile Include="src\qt\csvmodelwriter.cpp">
      <Filter>Source Files</Filter>
    </ClCompile>
    <ClCompile Include="src\qt\editaddressdialog.cpp">
      <Filter>Source Files</Filter>
    </ClCompile>
    <ClCompile Include="src\qt\guiutil.cpp">
      <Filter>Source Files</Filter>
    </ClCompile>
    <ClCompile Include="src\qt\intro.cpp">
      <Filter>Source Files</Filter>
    </ClCompile>
    <ClCompile Include="src\qt\modaloverlay.cpp">
      <Filter>Source Files</Filter>
    </ClCompile>
    <ClCompile Include="src\qt\networkstyle.cpp">
      <Filter>Source Files</Filter>
    </ClCompile>
    <ClCompile Include="src\qt\notificator.cpp">
      <Filter>Source Files</Filter>
    </ClCompile>
    <ClCompile Include="src\qt\openuridialog.cpp">
      <Filter>Source Files</Filter>
    </ClCompile>
    <ClCompile Include="src\qt\optionsdialog.cpp">
      <Filter>Source Files</Filter>
    </ClCompile>
    <ClCompile Include="src\qt\optionsmodel.cpp">
      <Filter>Source Files</Filter>
    </ClCompile>
    <ClCompile Include="src\qt\overviewpage.cpp">
      <Filter>Source Files</Filter>
    </ClCompile>
    <ClCompile Include="src\qt\paymentrequestplus.cpp">
      <Filter>Source Files</Filter>
    </ClCompile>
    <ClCompile Include="src\qt\paymentserver.cpp">
      <Filter>Source Files</Filter>
    </ClCompile>
    <ClCompile Include="src\qt\peertablemodel.cpp">
      <Filter>Source Files</Filter>
    </ClCompile>
    <ClCompile Include="src\qt\platformstyle.cpp">
      <Filter>Source Files</Filter>
    </ClCompile>
    <ClCompile Include="src\qt\qvalidatedlineedit.cpp">
      <Filter>Source Files</Filter>
    </ClCompile>
    <ClCompile Include="src\qt\qvaluecombobox.cpp">
      <Filter>Source Files</Filter>
    </ClCompile>
    <ClCompile Include="src\qt\receivecoinsdialog.cpp">
      <Filter>Source Files</Filter>
    </ClCompile>
    <ClCompile Include="src\qt\receiverequestdialog.cpp">
      <Filter>Source Files</Filter>
    </ClCompile>
    <ClCompile Include="src\qt\recentrequeststablemodel.cpp">
      <Filter>Source Files</Filter>
    </ClCompile>
    <ClCompile Include="src\qt\rpcconsole.cpp">
      <Filter>Source Files</Filter>
    </ClCompile>
    <ClCompile Include="src\qt\sendcoinsdialog.cpp">
      <Filter>Source Files</Filter>
    </ClCompile>
    <ClCompile Include="src\qt\sendcoinsentry.cpp">
      <Filter>Source Files</Filter>
    </ClCompile>
    <ClCompile Include="src\qt\signverifymessagedialog.cpp">
      <Filter>Source Files</Filter>
    </ClCompile>
    <ClCompile Include="src\qt\splashscreen.cpp">
      <Filter>Source Files</Filter>
    </ClCompile>
    <ClCompile Include="src\qt\trafficgraphwidget.cpp">
      <Filter>Source Files</Filter>
    </ClCompile>
    <ClCompile Include="src\qt\transactiondesc.cpp">
      <Filter>Source Files</Filter>
    </ClCompile>
    <ClCompile Include="src\qt\transactiondescdialog.cpp">
      <Filter>Source Files</Filter>
    </ClCompile>
    <ClCompile Include="src\qt\transactionfilterproxy.cpp">
      <Filter>Source Files</Filter>
    </ClCompile>
    <ClCompile Include="src\qt\transactionrecord.cpp">
      <Filter>Source Files</Filter>
    </ClCompile>
    <ClCompile Include="src\qt\transactiontablemodel.cpp">
      <Filter>Source Files</Filter>
    </ClCompile>
    <ClCompile Include="src\qt\transactionview.cpp">
      <Filter>Source Files</Filter>
    </ClCompile>
    <ClCompile Include="src\qt\umkoin.cpp">
      <Filter>Source Files</Filter>
    </ClCompile>
    <ClCompile Include="src\qt\umkoinaddressvalidator.cpp">
      <Filter>Source Files</Filter>
    </ClCompile>
    <ClCompile Include="src\qt\umkoinamountfield.cpp">
      <Filter>Source Files</Filter>
    </ClCompile>
    <ClCompile Include="src\qt\umkoingui.cpp">
      <Filter>Source Files</Filter>
    </ClCompile>
    <ClCompile Include="src\qt\umkoinstrings.cpp">
      <Filter>Source Files</Filter>
    </ClCompile>
    <ClCompile Include="src\qt\umkoinunits.cpp">
      <Filter>Source Files</Filter>
    </ClCompile>
    <ClCompile Include="src\qt\utilitydialog.cpp">
      <Filter>Source Files</Filter>
    </ClCompile>
    <ClCompile Include="src\qt\walletframe.cpp">
      <Filter>Source Files</Filter>
    </ClCompile>
    <ClCompile Include="src\qt\walletmodel.cpp">
      <Filter>Source Files</Filter>
    </ClCompile>
    <ClCompile Include="src\qt\walletmodeltransaction.cpp">
      <Filter>Source Files</Filter>
    </ClCompile>
    <ClCompile Include="src\qt\walletview.cpp">
      <Filter>Source Files</Filter>
    </ClCompile>
    <ClCompile Include="src\qt\winshutdownmonitor.cpp">
      <Filter>Source Files</Filter>
    </ClCompile>
    <ClCompile Include="src\qt\test\compattests.cpp">
      <Filter>Source Files</Filter>
    </ClCompile>
    <ClCompile Include="src\qt\test\paymentservertests.cpp">
      <Filter>Source Files</Filter>
    </ClCompile>
    <ClCompile Include="src\qt\test\rpcnestedtests.cpp">
      <Filter>Source Files</Filter>
    </ClCompile>
    <ClCompile Include="src\qt\test\test_main.cpp">
      <Filter>Source Files</Filter>
    </ClCompile>
    <ClCompile Include="src\qt\test\uritests.cpp">
      <Filter>Source Files</Filter>
    </ClCompile>
    <ClCompile Include="src\qt\test\wallettests.cpp">
      <Filter>Source Files</Filter>
    </ClCompile>
    <ClCompile Include="src\rpc\blockchain.cpp">
      <Filter>Source Files</Filter>
    </ClCompile>
    <ClCompile Include="src\rpc\client.cpp">
      <Filter>Source Files</Filter>
    </ClCompile>
    <ClCompile Include="src\rpc\mining.cpp">
      <Filter>Source Files</Filter>
    </ClCompile>
    <ClCompile Include="src\rpc\misc.cpp">
      <Filter>Source Files</Filter>
    </ClCompile>
    <ClCompile Include="src\rpc\net.cpp">
      <Filter>Source Files</Filter>
    </ClCompile>
    <ClCompile Include="src\rpc\protocol.cpp">
      <Filter>Source Files</Filter>
    </ClCompile>
    <ClCompile Include="src\rpc\rawtransaction.cpp">
      <Filter>Source Files</Filter>
    </ClCompile>
    <ClCompile Include="src\rpc\safemode.cpp">
      <Filter>Source Files</Filter>
    </ClCompile>
    <ClCompile Include="src\rpc\server.cpp">
      <Filter>Source Files</Filter>
    </ClCompile>
    <ClCompile Include="src\script\interpreter.cpp">
      <Filter>Source Files</Filter>
    </ClCompile>
    <ClCompile Include="src\script\ismine.cpp">
      <Filter>Source Files</Filter>
    </ClCompile>
    <ClCompile Include="src\script\script.cpp">
      <Filter>Source Files</Filter>
    </ClCompile>
    <ClCompile Include="src\script\script_error.cpp">
      <Filter>Source Files</Filter>
    </ClCompile>
    <ClCompile Include="src\script\sigcache.cpp">
      <Filter>Source Files</Filter>
    </ClCompile>
    <ClCompile Include="src\script\sign.cpp">
      <Filter>Source Files</Filter>
    </ClCompile>
    <ClCompile Include="src\script\standard.cpp">
      <Filter>Source Files</Filter>
    </ClCompile>
    <ClCompile Include="src\script\umkoinconsensus.cpp">
      <Filter>Source Files</Filter>
    </ClCompile>
    <ClCompile Include="src\secp256k1\contrib\lax_der_parsing.c">
      <Filter>Source Files</Filter>
    </ClCompile>
    <ClCompile Include="src\secp256k1\contrib\lax_der_privatekey_parsing.c">
      <Filter>Source Files</Filter>
    </ClCompile>
    <ClCompile Include="src\secp256k1\src\bench_ecdh.c">
      <Filter>Source Files</Filter>
    </ClCompile>
    <ClCompile Include="src\secp256k1\src\bench_internal.c">
      <Filter>Source Files</Filter>
    </ClCompile>
    <ClCompile Include="src\secp256k1\src\bench_recover.c">
      <Filter>Source Files</Filter>
    </ClCompile>
    <ClCompile Include="src\secp256k1\src\bench_sign.c">
      <Filter>Source Files</Filter>
    </ClCompile>
    <ClCompile Include="src\secp256k1\src\bench_verify.c">
      <Filter>Source Files</Filter>
    </ClCompile>
    <ClCompile Include="src\secp256k1\src\gen_context.c">
      <Filter>Source Files</Filter>
    </ClCompile>
    <ClCompile Include="src\secp256k1\src\secp256k1.c">
      <Filter>Source Files</Filter>
    </ClCompile>
    <ClCompile Include="src\secp256k1\src\tests.c">
      <Filter>Source Files</Filter>
    </ClCompile>
    <ClCompile Include="src\secp256k1\src\tests_exhaustive.c">
      <Filter>Source Files</Filter>
    </ClCompile>
    <ClCompile Include="src\secp256k1\src\java\org_umkoin_NativeSecp256k1.c">
      <Filter>Source Files</Filter>
    </ClCompile>
    <ClCompile Include="src\secp256k1\src\java\org_umkoin_Secp256k1Context.c">
      <Filter>Source Files</Filter>
    </ClCompile>
    <ClCompile Include="src\support\cleanse.cpp">
      <Filter>Source Files</Filter>
    </ClCompile>
    <ClCompile Include="src\support\lockedpool.cpp">
      <Filter>Source Files</Filter>
    </ClCompile>
    <ClCompile Include="src\test\addrman_tests.cpp">
      <Filter>Source Files</Filter>
    </ClCompile>
    <ClCompile Include="src\test\allocator_tests.cpp">
      <Filter>Source Files</Filter>
    </ClCompile>
    <ClCompile Include="src\test\amount_tests.cpp">
      <Filter>Source Files</Filter>
    </ClCompile>
    <ClCompile Include="src\test\arith_uint256_tests.cpp">
      <Filter>Source Files</Filter>
    </ClCompile>
    <ClCompile Include="src\test\base32_tests.cpp">
      <Filter>Source Files</Filter>
    </ClCompile>
    <ClCompile Include="src\test\base58_tests.cpp">
      <Filter>Source Files</Filter>
    </ClCompile>
    <ClCompile Include="src\test\base64_tests.cpp">
      <Filter>Source Files</Filter>
    </ClCompile>
    <ClCompile Include="src\test\bech32_tests.cpp">
      <Filter>Source Files</Filter>
    </ClCompile>
    <ClCompile Include="src\test\bip32_tests.cpp">
      <Filter>Source Files</Filter>
    </ClCompile>
    <ClCompile Include="src\test\blockencodings_tests.cpp">
      <Filter>Source Files</Filter>
    </ClCompile>
    <ClCompile Include="src\test\bloom_tests.cpp">
      <Filter>Source Files</Filter>
    </ClCompile>
    <ClCompile Include="src\test\bswap_tests.cpp">
      <Filter>Source Files</Filter>
    </ClCompile>
    <ClCompile Include="src\test\checkqueue_tests.cpp">
      <Filter>Source Files</Filter>
    </ClCompile>
    <ClCompile Include="src\test\coins_tests.cpp">
      <Filter>Source Files</Filter>
    </ClCompile>
    <ClCompile Include="src\test\compress_tests.cpp">
      <Filter>Source Files</Filter>
    </ClCompile>
    <ClCompile Include="src\test\crypto_tests.cpp">
      <Filter>Source Files</Filter>
    </ClCompile>
    <ClCompile Include="src\test\cuckoocache_tests.cpp">
      <Filter>Source Files</Filter>
    </ClCompile>
    <ClCompile Include="src\test\dbwrapper_tests.cpp">
      <Filter>Source Files</Filter>
    </ClCompile>
    <ClCompile Include="src\test\DoS_tests.cpp">
      <Filter>Source Files</Filter>
    </ClCompile>
    <ClCompile Include="src\test\getarg_tests.cpp">
      <Filter>Source Files</Filter>
    </ClCompile>
    <ClCompile Include="src\test\hash_tests.cpp">
      <Filter>Source Files</Filter>
    </ClCompile>
    <ClCompile Include="src\test\key_tests.cpp">
      <Filter>Source Files</Filter>
    </ClCompile>
    <ClCompile Include="src\test\limitedmap_tests.cpp">
      <Filter>Source Files</Filter>
    </ClCompile>
    <ClCompile Include="src\test\main_tests.cpp">
      <Filter>Source Files</Filter>
    </ClCompile>
    <ClCompile Include="src\test\mempool_tests.cpp">
      <Filter>Source Files</Filter>
    </ClCompile>
    <ClCompile Include="src\test\merkleblock_tests.cpp">
      <Filter>Source Files</Filter>
    </ClCompile>
    <ClCompile Include="src\test\merkle_tests.cpp">
      <Filter>Source Files</Filter>
    </ClCompile>
    <ClCompile Include="src\test\miner_tests.cpp">
      <Filter>Source Files</Filter>
    </ClCompile>
    <ClCompile Include="src\test\multisig_tests.cpp">
      <Filter>Source Files</Filter>
    </ClCompile>
    <ClCompile Include="src\test\netbase_tests.cpp">
      <Filter>Source Files</Filter>
    </ClCompile>
    <ClCompile Include="src\test\net_tests.cpp">
      <Filter>Source Files</Filter>
    </ClCompile>
    <ClCompile Include="src\test\pmt_tests.cpp">
      <Filter>Source Files</Filter>
    </ClCompile>
    <ClCompile Include="src\test\policyestimator_tests.cpp">
      <Filter>Source Files</Filter>
    </ClCompile>
    <ClCompile Include="src\test\pow_tests.cpp">
      <Filter>Source Files</Filter>
    </ClCompile>
    <ClCompile Include="src\test\prevector_tests.cpp">
      <Filter>Source Files</Filter>
    </ClCompile>
    <ClCompile Include="src\test\raii_event_tests.cpp">
      <Filter>Source Files</Filter>
    </ClCompile>
    <ClCompile Include="src\test\random_tests.cpp">
      <Filter>Source Files</Filter>
    </ClCompile>
    <ClCompile Include="src\test\reverselock_tests.cpp">
      <Filter>Source Files</Filter>
    </ClCompile>
    <ClCompile Include="src\test\rpc_tests.cpp">
      <Filter>Source Files</Filter>
    </ClCompile>
    <ClCompile Include="src\test\sanity_tests.cpp">
      <Filter>Source Files</Filter>
    </ClCompile>
    <ClCompile Include="src\test\scheduler_tests.cpp">
      <Filter>Source Files</Filter>
    </ClCompile>
    <ClCompile Include="src\test\scriptnum_tests.cpp">
      <Filter>Source Files</Filter>
    </ClCompile>
    <ClCompile Include="src\test\script_P2SH_tests.cpp">
      <Filter>Source Files</Filter>
    </ClCompile>
    <ClCompile Include="src\test\script_standard_tests.cpp">
      <Filter>Source Files</Filter>
    </ClCompile>
    <ClCompile Include="src\test\script_tests.cpp">
      <Filter>Source Files</Filter>
    </ClCompile>
    <ClCompile Include="src\test\serialize_tests.cpp">
      <Filter>Source Files</Filter>
    </ClCompile>
    <ClCompile Include="src\test\sighash_tests.cpp">
      <Filter>Source Files</Filter>
    </ClCompile>
    <ClCompile Include="src\test\sigopcount_tests.cpp">
      <Filter>Source Files</Filter>
    </ClCompile>
    <ClCompile Include="src\test\skiplist_tests.cpp">
      <Filter>Source Files</Filter>
    </ClCompile>
    <ClCompile Include="src\test\streams_tests.cpp">
      <Filter>Source Files</Filter>
    </ClCompile>
    <ClCompile Include="src\test\test_umkoin.cpp">
      <Filter>Source Files</Filter>
    </ClCompile>
    <ClCompile Include="src\test\test_umkoin_fuzzy.cpp">
      <Filter>Source Files</Filter>
    </ClCompile>
    <ClCompile Include="src\test\test_umkoin_main.cpp">
      <Filter>Source Files</Filter>
    </ClCompile>
    <ClCompile Include="src\test\timedata_tests.cpp">
      <Filter>Source Files</Filter>
    </ClCompile>
    <ClCompile Include="src\test\torcontrol_tests.cpp">
      <Filter>Source Files</Filter>
    </ClCompile>
    <ClCompile Include="src\test\transaction_tests.cpp">
      <Filter>Source Files</Filter>
    </ClCompile>
    <ClCompile Include="src\test\txvalidationcache_tests.cpp">
      <Filter>Source Files</Filter>
    </ClCompile>
    <ClCompile Include="src\test\uint256_tests.cpp">
      <Filter>Source Files</Filter>
    </ClCompile>
    <ClCompile Include="src\test\univalue_tests.cpp">
      <Filter>Source Files</Filter>
    </ClCompile>
    <ClCompile Include="src\test\util_tests.cpp">
      <Filter>Source Files</Filter>
    </ClCompile>
    <ClCompile Include="src\test\versionbits_tests.cpp">
      <Filter>Source Files</Filter>
    </ClCompile>
    <ClCompile Include="src\univalue\gen\gen.cpp">
      <Filter>Source Files</Filter>
    </ClCompile>
    <ClCompile Include="src\univalue\lib\univalue.cpp">
      <Filter>Source Files</Filter>
    </ClCompile>
    <ClCompile Include="src\univalue\lib\univalue_get.cpp">
      <Filter>Source Files</Filter>
    </ClCompile>
    <ClCompile Include="src\univalue\lib\univalue_read.cpp">
      <Filter>Source Files</Filter>
    </ClCompile>
    <ClCompile Include="src\univalue\lib\univalue_write.cpp">
      <Filter>Source Files</Filter>
    </ClCompile>
    <ClCompile Include="src\univalue\test\no_nul.cpp">
      <Filter>Source Files</Filter>
    </ClCompile>
    <ClCompile Include="src\univalue\test\object.cpp">
      <Filter>Source Files</Filter>
    </ClCompile>
    <ClCompile Include="src\univalue\test\test_json.cpp">
      <Filter>Source Files</Filter>
    </ClCompile>
    <ClCompile Include="src\univalue\test\unitester.cpp">
      <Filter>Source Files</Filter>
    </ClCompile>
    <ClCompile Include="src\wallet\crypter.cpp">
      <Filter>Source Files</Filter>
    </ClCompile>
    <ClCompile Include="src\wallet\db.cpp">
      <Filter>Source Files</Filter>
    </ClCompile>
    <ClCompile Include="src\wallet\feebumper.cpp">
      <Filter>Source Files</Filter>
    </ClCompile>
    <ClCompile Include="src\wallet\fees.cpp">
      <Filter>Source Files</Filter>
    </ClCompile>
    <ClCompile Include="src\wallet\init.cpp">
      <Filter>Source Files</Filter>
    </ClCompile>
    <ClCompile Include="src\wallet\rpcdump.cpp">
      <Filter>Source Files</Filter>
    </ClCompile>
    <ClCompile Include="src\wallet\rpcwallet.cpp">
      <Filter>Source Files</Filter>
    </ClCompile>
    <ClCompile Include="src\wallet\wallet.cpp">
      <Filter>Source Files</Filter>
    </ClCompile>
    <ClCompile Include="src\wallet\walletdb.cpp">
      <Filter>Source Files</Filter>
    </ClCompile>
    <ClCompile Include="src\wallet\test\accounting_tests.cpp">
      <Filter>Source Files</Filter>
    </ClCompile>
    <ClCompile Include="src\wallet\test\crypto_tests.cpp">
      <Filter>Source Files</Filter>
    </ClCompile>
    <ClCompile Include="src\wallet\test\wallet_tests.cpp">
      <Filter>Source Files</Filter>
    </ClCompile>
    <ClCompile Include="src\wallet\test\wallet_test_fixture.cpp">
      <Filter>Source Files</Filter>
    </ClCompile>
    <ClCompile Include="src\zmq\zmqabstractnotifier.cpp">
      <Filter>Source Files</Filter>
    </ClCompile>
    <ClCompile Include="src\zmq\zmqnotificationinterface.cpp">
      <Filter>Source Files</Filter>
    </ClCompile>
    <ClCompile Include="src\zmq\zmqpublishnotifier.cpp">
      <Filter>Source Files</Filter>
    </ClCompile>
  </ItemGroup>
  <ItemGroup>
    <ClInclude Include="src\addrdb.h">
      <Filter>Header Files</Filter>
    </ClInclude>
    <ClInclude Include="src\addrman.h">
      <Filter>Header Files</Filter>
    </ClInclude>
    <ClInclude Include="src\amount.h">
      <Filter>Header Files</Filter>
    </ClInclude>
    <ClInclude Include="src\arith_uint256.h">
      <Filter>Header Files</Filter>
    </ClInclude>
    <ClInclude Include="src\base58.h">
      <Filter>Header Files</Filter>
    </ClInclude>
    <ClInclude Include="src\bech32.h">
      <Filter>Header Files</Filter>
    </ClInclude>
    <ClInclude Include="src\blockencodings.h">
      <Filter>Header Files</Filter>
    </ClInclude>
    <ClInclude Include="src\bloom.h">
      <Filter>Header Files</Filter>
    </ClInclude>
    <ClInclude Include="src\chain.h">
      <Filter>Header Files</Filter>
    </ClInclude>
    <ClInclude Include="src\chainparams.h">
      <Filter>Header Files</Filter>
    </ClInclude>
    <ClInclude Include="src\chainparamsbase.h">
      <Filter>Header Files</Filter>
    </ClInclude>
    <ClInclude Include="src\chainparamsseeds.h">
      <Filter>Header Files</Filter>
    </ClInclude>
    <ClInclude Include="src\checkpoints.h">
      <Filter>Header Files</Filter>
    </ClInclude>
    <ClInclude Include="src\checkqueue.h">
      <Filter>Header Files</Filter>
    </ClInclude>
    <ClInclude Include="src\clientversion.h">
      <Filter>Header Files</Filter>
    </ClInclude>
    <ClInclude Include="src\coins.h">
      <Filter>Header Files</Filter>
    </ClInclude>
    <ClInclude Include="src\compat.h">
      <Filter>Header Files</Filter>
    </ClInclude>
    <ClInclude Include="src\compressor.h">
      <Filter>Header Files</Filter>
    </ClInclude>
    <ClInclude Include="src\core_io.h">
      <Filter>Header Files</Filter>
    </ClInclude>
    <ClInclude Include="src\core_memusage.h">
      <Filter>Header Files</Filter>
    </ClInclude>
    <ClInclude Include="src\cuckoocache.h">
      <Filter>Header Files</Filter>
    </ClInclude>
    <ClInclude Include="src\dbwrapper.h">
      <Filter>Header Files</Filter>
    </ClInclude>
    <ClInclude Include="src\fs.h">
      <Filter>Header Files</Filter>
    </ClInclude>
    <ClInclude Include="src\hash.h">
      <Filter>Header Files</Filter>
    </ClInclude>
    <ClInclude Include="src\httprpc.h">
      <Filter>Header Files</Filter>
    </ClInclude>
    <ClInclude Include="src\httpserver.h">
      <Filter>Header Files</Filter>
    </ClInclude>
    <ClInclude Include="src\indirectmap.h">
      <Filter>Header Files</Filter>
    </ClInclude>
    <ClInclude Include="src\init.h">
      <Filter>Header Files</Filter>
    </ClInclude>
    <ClInclude Include="src\key.h">
      <Filter>Header Files</Filter>
    </ClInclude>
    <ClInclude Include="src\keystore.h">
      <Filter>Header Files</Filter>
    </ClInclude>
    <ClInclude Include="src\limitedmap.h">
      <Filter>Header Files</Filter>
    </ClInclude>
    <ClInclude Include="src\memusage.h">
      <Filter>Header Files</Filter>
    </ClInclude>
    <ClInclude Include="src\merkleblock.h">
      <Filter>Header Files</Filter>
    </ClInclude>
    <ClInclude Include="src\miner.h">
      <Filter>Header Files</Filter>
    </ClInclude>
    <ClInclude Include="src\net.h">
      <Filter>Header Files</Filter>
    </ClInclude>
    <ClInclude Include="src\netaddress.h">
      <Filter>Header Files</Filter>
    </ClInclude>
    <ClInclude Include="src\netbase.h">
      <Filter>Header Files</Filter>
    </ClInclude>
    <ClInclude Include="src\netmessagemaker.h">
      <Filter>Header Files</Filter>
    </ClInclude>
    <ClInclude Include="src\net_processing.h">
      <Filter>Header Files</Filter>
    </ClInclude>
    <ClInclude Include="src\noui.h">
      <Filter>Header Files</Filter>
    </ClInclude>
    <ClInclude Include="src\pow.h">
      <Filter>Header Files</Filter>
    </ClInclude>
    <ClInclude Include="src\prevector.h">
      <Filter>Header Files</Filter>
    </ClInclude>
    <ClInclude Include="src\protocol.h">
      <Filter>Header Files</Filter>
    </ClInclude>
    <ClInclude Include="src\pubkey.h">
      <Filter>Header Files</Filter>
    </ClInclude>
    <ClInclude Include="src\random.h">
      <Filter>Header Files</Filter>
    </ClInclude>
    <ClInclude Include="src\reverselock.h">
      <Filter>Header Files</Filter>
    </ClInclude>
    <ClInclude Include="src\reverse_iterator.h">
      <Filter>Header Files</Filter>
    </ClInclude>
    <ClInclude Include="src\scheduler.h">
      <Filter>Header Files</Filter>
    </ClInclude>
    <ClInclude Include="src\serialize.h">
      <Filter>Header Files</Filter>
    </ClInclude>
    <ClInclude Include="src\streams.h">
      <Filter>Header Files</Filter>
    </ClInclude>
    <ClInclude Include="src\sync.h">
      <Filter>Header Files</Filter>
    </ClInclude>
    <ClInclude Include="src\threadinterrupt.h">
      <Filter>Header Files</Filter>
    </ClInclude>
    <ClInclude Include="src\threadsafety.h">
      <Filter>Header Files</Filter>
    </ClInclude>
    <ClInclude Include="src\timedata.h">
      <Filter>Header Files</Filter>
    </ClInclude>
    <ClInclude Include="src\tinyformat.h">
      <Filter>Header Files</Filter>
    </ClInclude>
    <ClInclude Include="src\torcontrol.h">
      <Filter>Header Files</Filter>
    </ClInclude>
    <ClInclude Include="src\txdb.h">
      <Filter>Header Files</Filter>
    </ClInclude>
    <ClInclude Include="src\txmempool.h">
      <Filter>Header Files</Filter>
    </ClInclude>
    <ClInclude Include="src\uint256.h">
      <Filter>Header Files</Filter>
    </ClInclude>
    <ClInclude Include="src\ui_interface.h">
      <Filter>Header Files</Filter>
    </ClInclude>
    <ClInclude Include="src\undo.h">
      <Filter>Header Files</Filter>
    </ClInclude>
    <ClInclude Include="src\util.h">
      <Filter>Header Files</Filter>
    </ClInclude>
    <ClInclude Include="src\utilmoneystr.h">
      <Filter>Header Files</Filter>
    </ClInclude>
    <ClInclude Include="src\utilstrencodings.h">
      <Filter>Header Files</Filter>
    </ClInclude>
    <ClInclude Include="src\utiltime.h">
      <Filter>Header Files</Filter>
    </ClInclude>
    <ClInclude Include="src\validation.h">
      <Filter>Header Files</Filter>
    </ClInclude>
    <ClInclude Include="src\validationinterface.h">
      <Filter>Header Files</Filter>
    </ClInclude>
    <ClInclude Include="src\version.h">
      <Filter>Header Files</Filter>
    </ClInclude>
    <ClInclude Include="src\versionbits.h">
      <Filter>Header Files</Filter>
    </ClInclude>
    <ClInclude Include="src\warnings.h">
      <Filter>Header Files</Filter>
    </ClInclude>
    <ClInclude Include="src\bench\bench.h">
      <Filter>Header Files</Filter>
    </ClInclude>
    <ClInclude Include="src\bench\perf.h">
      <Filter>Header Files</Filter>
    </ClInclude>
    <ClInclude Include="src\compat\byteswap.h">
      <Filter>Header Files</Filter>
    </ClInclude>
    <ClInclude Include="src\compat\endian.h">
      <Filter>Header Files</Filter>
    </ClInclude>
    <ClInclude Include="src\compat\sanity.h">
      <Filter>Header Files</Filter>
    </ClInclude>
    <ClInclude Include="src\consensus\consensus.h">
      <Filter>Header Files</Filter>
    </ClInclude>
    <ClInclude Include="src\consensus\merkle.h">
      <Filter>Header Files</Filter>
    </ClInclude>
    <ClInclude Include="src\consensus\params.h">
      <Filter>Header Files</Filter>
    </ClInclude>
    <ClInclude Include="src\consensus\tx_verify.h">
      <Filter>Header Files</Filter>
    </ClInclude>
    <ClInclude Include="src\consensus\validation.h">
      <Filter>Header Files</Filter>
    </ClInclude>
    <ClInclude Include="src\crypto\aes.h">
      <Filter>Header Files</Filter>
    </ClInclude>
    <ClInclude Include="src\crypto\chacha20.h">
      <Filter>Header Files</Filter>
    </ClInclude>
    <ClInclude Include="src\crypto\common.h">
      <Filter>Header Files</Filter>
    </ClInclude>
    <ClInclude Include="src\crypto\hmac_sha256.h">
      <Filter>Header Files</Filter>
    </ClInclude>
    <ClInclude Include="src\crypto\hmac_sha512.h">
      <Filter>Header Files</Filter>
    </ClInclude>
    <ClInclude Include="src\crypto\ripemd160.h">
      <Filter>Header Files</Filter>
    </ClInclude>
    <ClInclude Include="src\crypto\sha1.h">
      <Filter>Header Files</Filter>
    </ClInclude>
    <ClInclude Include="src\crypto\sha256.h">
      <Filter>Header Files</Filter>
    </ClInclude>
    <ClInclude Include="src\crypto\sha512.h">
      <Filter>Header Files</Filter>
    </ClInclude>
    <ClInclude Include="src\crypto\ctaes\ctaes.h">
      <Filter>Header Files</Filter>
    </ClInclude>
    <ClInclude Include="src\leveldb\db\builder.h">
      <Filter>Header Files</Filter>
    </ClInclude>
    <ClInclude Include="src\leveldb\db\dbformat.h">
      <Filter>Header Files</Filter>
    </ClInclude>
    <ClInclude Include="src\leveldb\db\db_impl.h">
      <Filter>Header Files</Filter>
    </ClInclude>
    <ClInclude Include="src\leveldb\db\db_iter.h">
      <Filter>Header Files</Filter>
    </ClInclude>
    <ClInclude Include="src\leveldb\db\filename.h">
      <Filter>Header Files</Filter>
    </ClInclude>
    <ClInclude Include="src\leveldb\db\log_format.h">
      <Filter>Header Files</Filter>
    </ClInclude>
    <ClInclude Include="src\leveldb\db\log_reader.h">
      <Filter>Header Files</Filter>
    </ClInclude>
    <ClInclude Include="src\leveldb\db\log_writer.h">
      <Filter>Header Files</Filter>
    </ClInclude>
    <ClInclude Include="src\leveldb\db\memtable.h">
      <Filter>Header Files</Filter>
    </ClInclude>
    <ClInclude Include="src\leveldb\db\skiplist.h">
      <Filter>Header Files</Filter>
    </ClInclude>
    <ClInclude Include="src\leveldb\db\snapshot.h">
      <Filter>Header Files</Filter>
    </ClInclude>
    <ClInclude Include="src\leveldb\db\table_cache.h">
      <Filter>Header Files</Filter>
    </ClInclude>
    <ClInclude Include="src\leveldb\db\version_edit.h">
      <Filter>Header Files</Filter>
    </ClInclude>
    <ClInclude Include="src\leveldb\db\version_set.h">
      <Filter>Header Files</Filter>
    </ClInclude>
    <ClInclude Include="src\leveldb\db\write_batch_internal.h">
      <Filter>Header Files</Filter>
    </ClInclude>
    <ClInclude Include="src\leveldb\helpers\memenv\memenv.h">
      <Filter>Header Files</Filter>
    </ClInclude>
    <ClInclude Include="src\leveldb\include\leveldb\c.h">
      <Filter>Header Files</Filter>
    </ClInclude>
    <ClInclude Include="src\leveldb\include\leveldb\cache.h">
      <Filter>Header Files</Filter>
    </ClInclude>
    <ClInclude Include="src\leveldb\include\leveldb\comparator.h">
      <Filter>Header Files</Filter>
    </ClInclude>
    <ClInclude Include="src\leveldb\include\leveldb\db.h">
      <Filter>Header Files</Filter>
    </ClInclude>
    <ClInclude Include="src\leveldb\include\leveldb\dumpfile.h">
      <Filter>Header Files</Filter>
    </ClInclude>
    <ClInclude Include="src\leveldb\include\leveldb\env.h">
      <Filter>Header Files</Filter>
    </ClInclude>
    <ClInclude Include="src\leveldb\include\leveldb\filter_policy.h">
      <Filter>Header Files</Filter>
    </ClInclude>
    <ClInclude Include="src\leveldb\include\leveldb\iterator.h">
      <Filter>Header Files</Filter>
    </ClInclude>
    <ClInclude Include="src\leveldb\include\leveldb\options.h">
      <Filter>Header Files</Filter>
    </ClInclude>
    <ClInclude Include="src\leveldb\include\leveldb\slice.h">
      <Filter>Header Files</Filter>
    </ClInclude>
    <ClInclude Include="src\leveldb\include\leveldb\status.h">
      <Filter>Header Files</Filter>
    </ClInclude>
    <ClInclude Include="src\leveldb\include\leveldb\table.h">
      <Filter>Header Files</Filter>
    </ClInclude>
    <ClInclude Include="src\leveldb\include\leveldb\table_builder.h">
      <Filter>Header Files</Filter>
    </ClInclude>
    <ClInclude Include="src\leveldb\include\leveldb\write_batch.h">
      <Filter>Header Files</Filter>
    </ClInclude>
    <ClInclude Include="src\leveldb\port\atomic_pointer.h">
      <Filter>Header Files</Filter>
    </ClInclude>
    <ClInclude Include="src\leveldb\port\port.h">
      <Filter>Header Files</Filter>
    </ClInclude>
    <ClInclude Include="src\leveldb\port\port_example.h">
      <Filter>Header Files</Filter>
    </ClInclude>
    <ClInclude Include="src\leveldb\port\port_posix.h">
      <Filter>Header Files</Filter>
    </ClInclude>
    <ClInclude Include="src\leveldb\port\port_win.h">
      <Filter>Header Files</Filter>
    </ClInclude>
    <ClInclude Include="src\leveldb\port\thread_annotations.h">
      <Filter>Header Files</Filter>
    </ClInclude>
    <ClInclude Include="src\leveldb\port\win\stdint.h">
      <Filter>Header Files</Filter>
    </ClInclude>
    <ClInclude Include="src\leveldb\table\block.h">
      <Filter>Header Files</Filter>
    </ClInclude>
    <ClInclude Include="src\leveldb\table\block_builder.h">
      <Filter>Header Files</Filter>
    </ClInclude>
    <ClInclude Include="src\leveldb\table\filter_block.h">
      <Filter>Header Files</Filter>
    </ClInclude>
    <ClInclude Include="src\leveldb\table\format.h">
      <Filter>Header Files</Filter>
    </ClInclude>
    <ClInclude Include="src\leveldb\table\iterator_wrapper.h">
      <Filter>Header Files</Filter>
    </ClInclude>
    <ClInclude Include="src\leveldb\table\merger.h">
      <Filter>Header Files</Filter>
    </ClInclude>
    <ClInclude Include="src\leveldb\table\two_level_iterator.h">
      <Filter>Header Files</Filter>
    </ClInclude>
    <ClInclude Include="src\leveldb\util\arena.h">
      <Filter>Header Files</Filter>
    </ClInclude>
    <ClInclude Include="src\leveldb\util\coding.h">
      <Filter>Header Files</Filter>
    </ClInclude>
    <ClInclude Include="src\leveldb\util\crc32c.h">
      <Filter>Header Files</Filter>
    </ClInclude>
    <ClInclude Include="src\leveldb\util\env_posix_test_helper.h">
      <Filter>Header Files</Filter>
    </ClInclude>
    <ClInclude Include="src\leveldb\util\hash.h">
      <Filter>Header Files</Filter>
    </ClInclude>
    <ClInclude Include="src\leveldb\util\histogram.h">
      <Filter>Header Files</Filter>
    </ClInclude>
    <ClInclude Include="src\leveldb\util\logging.h">
      <Filter>Header Files</Filter>
    </ClInclude>
    <ClInclude Include="src\leveldb\util\mutexlock.h">
      <Filter>Header Files</Filter>
    </ClInclude>
    <ClInclude Include="src\leveldb\util\posix_logger.h">
      <Filter>Header Files</Filter>
    </ClInclude>
    <ClInclude Include="src\leveldb\util\random.h">
      <Filter>Header Files</Filter>
    </ClInclude>
    <ClInclude Include="src\leveldb\util\testharness.h">
      <Filter>Header Files</Filter>
    </ClInclude>
    <ClInclude Include="src\leveldb\util\testutil.h">
      <Filter>Header Files</Filter>
    </ClInclude>
    <ClInclude Include="src\policy\feerate.h">
      <Filter>Header Files</Filter>
    </ClInclude>
    <ClInclude Include="src\policy\fees.h">
      <Filter>Header Files</Filter>
    </ClInclude>
    <ClInclude Include="src\policy\policy.h">
      <Filter>Header Files</Filter>
    </ClInclude>
    <ClInclude Include="src\policy\rbf.h">
      <Filter>Header Files</Filter>
    </ClInclude>
    <ClInclude Include="src\primitives\block.h">
      <Filter>Header Files</Filter>
    </ClInclude>
    <ClInclude Include="src\primitives\transaction.h">
      <Filter>Header Files</Filter>
    </ClInclude>
    <ClInclude Include="src\qt\addressbookpage.h">
      <Filter>Header Files</Filter>
    </ClInclude>
    <ClInclude Include="src\qt\addresstablemodel.h">
      <Filter>Header Files</Filter>
    </ClInclude>
    <ClInclude Include="src\qt\askpassphrasedialog.h">
      <Filter>Header Files</Filter>
    </ClInclude>
    <ClInclude Include="src\qt\bantablemodel.h">
      <Filter>Header Files</Filter>
    </ClInclude>
    <ClInclude Include="src\qt\callback.h">
      <Filter>Header Files</Filter>
    </ClInclude>
    <ClInclude Include="src\qt\clientmodel.h">
      <Filter>Header Files</Filter>
    </ClInclude>
    <ClInclude Include="src\qt\coincontroldialog.h">
      <Filter>Header Files</Filter>
    </ClInclude>
    <ClInclude Include="src\qt\coincontroltreewidget.h">
      <Filter>Header Files</Filter>
    </ClInclude>
    <ClInclude Include="src\qt\csvmodelwriter.h">
      <Filter>Header Files</Filter>
    </ClInclude>
    <ClInclude Include="src\qt\editaddressdialog.h">
      <Filter>Header Files</Filter>
    </ClInclude>
    <ClInclude Include="src\qt\guiconstants.h">
      <Filter>Header Files</Filter>
    </ClInclude>
    <ClInclude Include="src\qt\guiutil.h">
      <Filter>Header Files</Filter>
    </ClInclude>
    <ClInclude Include="src\qt\intro.h">
      <Filter>Header Files</Filter>
    </ClInclude>
    <ClInclude Include="src\qt\macdockiconhandler.h">
      <Filter>Header Files</Filter>
    </ClInclude>
    <ClInclude Include="src\qt\macnotificationhandler.h">
      <Filter>Header Files</Filter>
    </ClInclude>
    <ClInclude Include="src\qt\modaloverlay.h">
      <Filter>Header Files</Filter>
    </ClInclude>
    <ClInclude Include="src\qt\networkstyle.h">
      <Filter>Header Files</Filter>
    </ClInclude>
    <ClInclude Include="src\qt\notificator.h">
      <Filter>Header Files</Filter>
    </ClInclude>
    <ClInclude Include="src\qt\openuridialog.h">
      <Filter>Header Files</Filter>
    </ClInclude>
    <ClInclude Include="src\qt\optionsdialog.h">
      <Filter>Header Files</Filter>
    </ClInclude>
    <ClInclude Include="src\qt\optionsmodel.h">
      <Filter>Header Files</Filter>
    </ClInclude>
    <ClInclude Include="src\qt\overviewpage.h">
      <Filter>Header Files</Filter>
    </ClInclude>
    <ClInclude Include="src\qt\paymentrequestplus.h">
      <Filter>Header Files</Filter>
    </ClInclude>
    <ClInclude Include="src\qt\paymentserver.h">
      <Filter>Header Files</Filter>
    </ClInclude>
    <ClInclude Include="src\qt\peertablemodel.h">
      <Filter>Header Files</Filter>
    </ClInclude>
    <ClInclude Include="src\qt\platformstyle.h">
      <Filter>Header Files</Filter>
    </ClInclude>
    <ClInclude Include="src\qt\qvalidatedlineedit.h">
      <Filter>Header Files</Filter>
    </ClInclude>
    <ClInclude Include="src\qt\qvaluecombobox.h">
      <Filter>Header Files</Filter>
    </ClInclude>
    <ClInclude Include="src\qt\receivecoinsdialog.h">
      <Filter>Header Files</Filter>
    </ClInclude>
    <ClInclude Include="src\qt\receiverequestdialog.h">
      <Filter>Header Files</Filter>
    </ClInclude>
    <ClInclude Include="src\qt\recentrequeststablemodel.h">
      <Filter>Header Files</Filter>
    </ClInclude>
    <ClInclude Include="src\qt\rpcconsole.h">
      <Filter>Header Files</Filter>
    </ClInclude>
    <ClInclude Include="src\qt\sendcoinsdialog.h">
      <Filter>Header Files</Filter>
    </ClInclude>
    <ClInclude Include="src\qt\sendcoinsentry.h">
      <Filter>Header Files</Filter>
    </ClInclude>
    <ClInclude Include="src\qt\signverifymessagedialog.h">
      <Filter>Header Files</Filter>
    </ClInclude>
    <ClInclude Include="src\qt\splashscreen.h">
      <Filter>Header Files</Filter>
    </ClInclude>
    <ClInclude Include="src\qt\trafficgraphwidget.h">
      <Filter>Header Files</Filter>
    </ClInclude>
    <ClInclude Include="src\qt\transactiondesc.h">
      <Filter>Header Files</Filter>
    </ClInclude>
    <ClInclude Include="src\qt\transactiondescdialog.h">
      <Filter>Header Files</Filter>
    </ClInclude>
    <ClInclude Include="src\qt\transactionfilterproxy.h">
      <Filter>Header Files</Filter>
    </ClInclude>
    <ClInclude Include="src\qt\transactionrecord.h">
      <Filter>Header Files</Filter>
    </ClInclude>
    <ClInclude Include="src\qt\transactiontablemodel.h">
      <Filter>Header Files</Filter>
    </ClInclude>
    <ClInclude Include="src\qt\transactionview.h">
      <Filter>Header Files</Filter>
    </ClInclude>
    <ClInclude Include="src\qt\umkoinaddressvalidator.h">
      <Filter>Header Files</Filter>
    </ClInclude>
    <ClInclude Include="src\qt\umkoinamountfield.h">
      <Filter>Header Files</Filter>
    </ClInclude>
    <ClInclude Include="src\qt\umkoingui.h">
      <Filter>Header Files</Filter>
    </ClInclude>
    <ClInclude Include="src\qt\umkoinunits.h">
      <Filter>Header Files</Filter>
    </ClInclude>
    <ClInclude Include="src\qt\utilitydialog.h">
      <Filter>Header Files</Filter>
    </ClInclude>
    <ClInclude Include="src\qt\walletframe.h">
      <Filter>Header Files</Filter>
    </ClInclude>
    <ClInclude Include="src\qt\walletmodel.h">
      <Filter>Header Files</Filter>
    </ClInclude>
    <ClInclude Include="src\qt\walletmodeltransaction.h">
      <Filter>Header Files</Filter>
    </ClInclude>
    <ClInclude Include="src\qt\walletview.h">
      <Filter>Header Files</Filter>
    </ClInclude>
    <ClInclude Include="src\qt\winshutdownmonitor.h">
      <Filter>Header Files</Filter>
    </ClInclude>
    <ClInclude Include="src\qt\test\compattests.h">
      <Filter>Header Files</Filter>
    </ClInclude>
    <ClInclude Include="src\qt\test\paymentrequestdata.h">
      <Filter>Header Files</Filter>
    </ClInclude>
    <ClInclude Include="src\qt\test\paymentservertests.h">
      <Filter>Header Files</Filter>
    </ClInclude>
    <ClInclude Include="src\qt\test\rpcnestedtests.h">
      <Filter>Header Files</Filter>
    </ClInclude>
    <ClInclude Include="src\qt\test\uritests.h">
      <Filter>Header Files</Filter>
    </ClInclude>
    <ClInclude Include="src\qt\test\wallettests.h">
      <Filter>Header Files</Filter>
    </ClInclude>
    <ClInclude Include="src\rpc\blockchain.h">
      <Filter>Header Files</Filter>
    </ClInclude>
    <ClInclude Include="src\rpc\client.h">
      <Filter>Header Files</Filter>
    </ClInclude>
    <ClInclude Include="src\rpc\mining.h">
      <Filter>Header Files</Filter>
    </ClInclude>
    <ClInclude Include="src\rpc\protocol.h">
      <Filter>Header Files</Filter>
    </ClInclude>
    <ClInclude Include="src\rpc\register.h">
      <Filter>Header Files</Filter>
    </ClInclude>
    <ClInclude Include="src\rpc\safemode.h">
      <Filter>Header Files</Filter>
    </ClInclude>
    <ClInclude Include="src\rpc\server.h">
      <Filter>Header Files</Filter>
    </ClInclude>
    <ClInclude Include="src\script\interpreter.h">
      <Filter>Header Files</Filter>
    </ClInclude>
    <ClInclude Include="src\script\ismine.h">
      <Filter>Header Files</Filter>
    </ClInclude>
    <ClInclude Include="src\script\script.h">
      <Filter>Header Files</Filter>
    </ClInclude>
    <ClInclude Include="src\script\script_error.h">
      <Filter>Header Files</Filter>
    </ClInclude>
    <ClInclude Include="src\script\sigcache.h">
      <Filter>Header Files</Filter>
    </ClInclude>
    <ClInclude Include="src\script\sign.h">
      <Filter>Header Files</Filter>
    </ClInclude>
    <ClInclude Include="src\script\standard.h">
      <Filter>Header Files</Filter>
    </ClInclude>
    <ClInclude Include="src\script\umkoinconsensus.h">
      <Filter>Header Files</Filter>
    </ClInclude>
    <ClInclude Include="src\secp256k1\contrib\lax_der_parsing.h">
      <Filter>Header Files</Filter>
    </ClInclude>
    <ClInclude Include="src\secp256k1\contrib\lax_der_privatekey_parsing.h">
      <Filter>Header Files</Filter>
    </ClInclude>
    <ClInclude Include="src\secp256k1\include\secp256k1.h">
      <Filter>Header Files</Filter>
    </ClInclude>
    <ClInclude Include="src\secp256k1\include\secp256k1_ecdh.h">
      <Filter>Header Files</Filter>
    </ClInclude>
    <ClInclude Include="src\secp256k1\include\secp256k1_recovery.h">
      <Filter>Header Files</Filter>
    </ClInclude>
    <ClInclude Include="src\secp256k1\src\basic-config.h">
      <Filter>Header Files</Filter>
    </ClInclude>
    <ClInclude Include="src\secp256k1\src\bench.h">
      <Filter>Header Files</Filter>
    </ClInclude>
    <ClInclude Include="src\secp256k1\src\ecdsa.h">
      <Filter>Header Files</Filter>
    </ClInclude>
    <ClInclude Include="src\secp256k1\src\ecdsa_impl.h">
      <Filter>Header Files</Filter>
    </ClInclude>
    <ClInclude Include="src\secp256k1\src\eckey.h">
      <Filter>Header Files</Filter>
    </ClInclude>
    <ClInclude Include="src\secp256k1\src\eckey_impl.h">
      <Filter>Header Files</Filter>
    </ClInclude>
    <ClInclude Include="src\secp256k1\src\ecmult.h">
      <Filter>Header Files</Filter>
    </ClInclude>
    <ClInclude Include="src\secp256k1\src\ecmult_const.h">
      <Filter>Header Files</Filter>
    </ClInclude>
    <ClInclude Include="src\secp256k1\src\ecmult_const_impl.h">
      <Filter>Header Files</Filter>
    </ClInclude>
    <ClInclude Include="src\secp256k1\src\ecmult_gen.h">
      <Filter>Header Files</Filter>
    </ClInclude>
    <ClInclude Include="src\secp256k1\src\ecmult_gen_impl.h">
      <Filter>Header Files</Filter>
    </ClInclude>
    <ClInclude Include="src\secp256k1\src\ecmult_impl.h">
      <Filter>Header Files</Filter>
    </ClInclude>
    <ClInclude Include="src\secp256k1\src\field.h">
      <Filter>Header Files</Filter>
    </ClInclude>
    <ClInclude Include="src\secp256k1\src\field_10x26.h">
      <Filter>Header Files</Filter>
    </ClInclude>
    <ClInclude Include="src\secp256k1\src\field_10x26_impl.h">
      <Filter>Header Files</Filter>
    </ClInclude>
    <ClInclude Include="src\secp256k1\src\field_5x52.h">
      <Filter>Header Files</Filter>
    </ClInclude>
    <ClInclude Include="src\secp256k1\src\field_5x52_asm_impl.h">
      <Filter>Header Files</Filter>
    </ClInclude>
    <ClInclude Include="src\secp256k1\src\field_5x52_impl.h">
      <Filter>Header Files</Filter>
    </ClInclude>
    <ClInclude Include="src\secp256k1\src\field_5x52_int128_impl.h">
      <Filter>Header Files</Filter>
    </ClInclude>
    <ClInclude Include="src\secp256k1\src\field_impl.h">
      <Filter>Header Files</Filter>
    </ClInclude>
    <ClInclude Include="src\secp256k1\src\group.h">
      <Filter>Header Files</Filter>
    </ClInclude>
    <ClInclude Include="src\secp256k1\src\group_impl.h">
      <Filter>Header Files</Filter>
    </ClInclude>
    <ClInclude Include="src\secp256k1\src\hash.h">
      <Filter>Header Files</Filter>
    </ClInclude>
    <ClInclude Include="src\secp256k1\src\hash_impl.h">
      <Filter>Header Files</Filter>
    </ClInclude>
    <ClInclude Include="src\secp256k1\src\num.h">
      <Filter>Header Files</Filter>
    </ClInclude>
    <ClInclude Include="src\secp256k1\src\num_gmp.h">
      <Filter>Header Files</Filter>
    </ClInclude>
    <ClInclude Include="src\secp256k1\src\num_gmp_impl.h">
      <Filter>Header Files</Filter>
    </ClInclude>
    <ClInclude Include="src\secp256k1\src\num_impl.h">
      <Filter>Header Files</Filter>
    </ClInclude>
    <ClInclude Include="src\secp256k1\src\scalar.h">
      <Filter>Header Files</Filter>
    </ClInclude>
    <ClInclude Include="src\secp256k1\src\scalar_4x64.h">
      <Filter>Header Files</Filter>
    </ClInclude>
    <ClInclude Include="src\secp256k1\src\scalar_4x64_impl.h">
      <Filter>Header Files</Filter>
    </ClInclude>
    <ClInclude Include="src\secp256k1\src\scalar_8x32.h">
      <Filter>Header Files</Filter>
    </ClInclude>
    <ClInclude Include="src\secp256k1\src\scalar_8x32_impl.h">
      <Filter>Header Files</Filter>
    </ClInclude>
    <ClInclude Include="src\secp256k1\src\scalar_impl.h">
      <Filter>Header Files</Filter>
    </ClInclude>
    <ClInclude Include="src\secp256k1\src\scalar_low.h">
      <Filter>Header Files</Filter>
    </ClInclude>
    <ClInclude Include="src\secp256k1\src\scalar_low_impl.h">
      <Filter>Header Files</Filter>
    </ClInclude>
    <ClInclude Include="src\secp256k1\src\testrand.h">
      <Filter>Header Files</Filter>
    </ClInclude>
    <ClInclude Include="src\secp256k1\src\testrand_impl.h">
      <Filter>Header Files</Filter>
    </ClInclude>
    <ClInclude Include="src\secp256k1\src\util.h">
      <Filter>Header Files</Filter>
    </ClInclude>
    <ClInclude Include="src\secp256k1\src\java\org_umkoin_NativeSecp256k1.h">
      <Filter>Header Files</Filter>
    </ClInclude>
    <ClInclude Include="src\secp256k1\src\java\org_umkoin_Secp256k1Context.h">
      <Filter>Header Files</Filter>
    </ClInclude>
    <ClInclude Include="src\secp256k1\src\modules\ecdh\main_impl.h">
      <Filter>Header Files</Filter>
    </ClInclude>
    <ClInclude Include="src\secp256k1\src\modules\ecdh\tests_impl.h">
      <Filter>Header Files</Filter>
    </ClInclude>
    <ClInclude Include="src\secp256k1\src\modules\recovery\main_impl.h">
      <Filter>Header Files</Filter>
    </ClInclude>
    <ClInclude Include="src\secp256k1\src\modules\recovery\tests_impl.h">
      <Filter>Header Files</Filter>
    </ClInclude>
    <ClInclude Include="src\support\cleanse.h">
      <Filter>Header Files</Filter>
    </ClInclude>
    <ClInclude Include="src\support\events.h">
      <Filter>Header Files</Filter>
    </ClInclude>
    <ClInclude Include="src\support\lockedpool.h">
      <Filter>Header Files</Filter>
    </ClInclude>
    <ClInclude Include="src\support\allocators\secure.h">
      <Filter>Header Files</Filter>
    </ClInclude>
    <ClInclude Include="src\support\allocators\zeroafterfree.h">
      <Filter>Header Files</Filter>
    </ClInclude>
    <ClInclude Include="src\test\scriptnum10.h">
      <Filter>Header Files</Filter>
    </ClInclude>
    <ClInclude Include="src\test\test_umkoin.h">
      <Filter>Header Files</Filter>
    </ClInclude>
    <ClInclude Include="src\univalue\include\univalue.h">
      <Filter>Header Files</Filter>
    </ClInclude>
    <ClInclude Include="src\univalue\lib\univalue_escapes.h">
      <Filter>Header Files</Filter>
    </ClInclude>
    <ClInclude Include="src\univalue\lib\univalue_utffilter.h">
      <Filter>Header Files</Filter>
    </ClInclude>
    <ClInclude Include="src\wallet\coincontrol.h">
      <Filter>Header Files</Filter>
    </ClInclude>
    <ClInclude Include="src\wallet\crypter.h">
      <Filter>Header Files</Filter>
    </ClInclude>
    <ClInclude Include="src\wallet\db.h">
      <Filter>Header Files</Filter>
    </ClInclude>
    <ClInclude Include="src\wallet\feebumper.h">
      <Filter>Header Files</Filter>
    </ClInclude>
    <ClInclude Include="src\wallet\fees.h">
      <Filter>Header Files</Filter>
    </ClInclude>
    <ClInclude Include="src\wallet\init.h">
      <Filter>Header Files</Filter>
    </ClInclude>
    <ClInclude Include="src\wallet\rpcwallet.h">
      <Filter>Header Files</Filter>
    </ClInclude>
    <ClInclude Include="src\wallet\wallet.h">
      <Filter>Header Files</Filter>
    </ClInclude>
    <ClInclude Include="src\wallet\walletdb.h">
      <Filter>Header Files</Filter>
    </ClInclude>
    <ClInclude Include="src\wallet\test\wallet_test_fixture.h">
      <Filter>Header Files</Filter>
    </ClInclude>
    <ClInclude Include="src\zmq\zmqabstractnotifier.h">
      <Filter>Header Files</Filter>
    </ClInclude>
    <ClInclude Include="src\zmq\zmqconfig.h">
      <Filter>Header Files</Filter>
    </ClInclude>
    <ClInclude Include="src\zmq\zmqnotificationinterface.h">
      <Filter>Header Files</Filter>
    </ClInclude>
    <ClInclude Include="src\zmq\zmqpublishnotifier.h">
      <Filter>Header Files</Filter>
    </ClInclude>
  </ItemGroup>
  <ItemGroup>
    <ResourceCompile Include="src\umkoin-cli-res.rc">
      <Filter>Resource Files</Filter>
    </ResourceCompile>
    <ResourceCompile Include="src\umkoin-tx-res.rc">
      <Filter>Resource Files</Filter>
    </ResourceCompile>
    <ResourceCompile Include="src\umkoind-res.rc">
      <Filter>Resource Files</Filter>
    </ResourceCompile>
    <ResourceCompile Include="src\qt\res\umkoin-qt-res.rc">
      <Filter>Resource Files</Filter>
    </ResourceCompile>
  </ItemGroup>
  <ItemGroup>
    <None Include="src\Makefile.test.include" />
    <None Include="src\Makefile.bench.include" />
    <None Include="src\Makefile.leveldb.include" />
    <None Include="src\Makefile.qt.include" />
    <None Include="src\Makefile.qttest.include" />
    <None Include="src\leveldb\doc\benchmark.html" />
    <None Include="src\secp256k1\src\modules\ecdh\Makefile.am.include" />
    <None Include="src\secp256k1\src\modules\recovery\Makefile.am.include" />
    <None Include="test\functional\combined_log_template.html" />
  </ItemGroup>
</Project>